
Microsoft Visual Studio Solution File, Format Version 12.00
# Visual Studio Version 17
VisualStudioVersion = 17.7.34202.233
MinimumVisualStudioVersion = 10.0.40219.1
Project("{FAE04EC0-301F-11D3-BF4B-00C04F79EFBC}") = "Books Shop", "project\Books Shop.csproj", "{AB7D6C03-47E3-496E-BAE2-396C5152A40D}"
EndProject
Global
	GlobalSection(SolutionConfigurationPlatforms) = preSolution
		Debug|Any CPU = Debug|Any CPU
		Release|Any CPU = Release|Any CPU
	EndGlobalSection
	GlobalSection(ProjectConfigurationPlatforms) = postSolution
		{AB7D6C03-47E3-496E-BAE2-396C5152A40D}.Debug|Any CPU.ActiveCfg = Debug|Any CPU
		{AB7D6C03-47E3-496E-BAE2-396C5152A40D}.Debug|Any CPU.Build.0 = Debug|Any CPU
		{AB7D6C03-47E3-496E-BAE2-396C5152A40D}.Release|Any CPU.ActiveCfg = Release|Any CPU
		{AB7D6C03-47E3-496E-BAE2-396C5152A40D}.Release|Any CPU.Build.0 = Release|Any CPU
	EndGlobalSection
	GlobalSection(SolutionProperties) = preSolution
		HideSolutionNode = FALSE
	EndGlobalSection
	GlobalSection(ExtensibilityGlobals) = postSolution
		SolutionGuid = {6268861B-312A-4B29-9AD0-111F97DEDA37}
	EndGlobalSection
EndGlobal
